
Microsoft Visual Studio Solution File, Format Version 12.00
# Visual Studio 14
VisualStudioVersion = 14.0.23107.0
MinimumVisualStudioVersion = 10.0.40219.1
Project("{FAE04EC0-301F-11D3-BF4B-00C04F79EFBC}") = "StudentManagement", "StudentManagement.csproj", "{734BC261-7C50-4526-9F20-095F84F76776}"
EndProject
Project("{2150E333-8FDC-42A3-9474-1A3956D46DE8}") = "Model", "Model", "{97910B30-4E01-4979-8D34-AB29E1F2A74B}"
EndProject
Project("{2150E333-8FDC-42A3-9474-1A3956D46DE8}") = "Controller", "Controller", "{747BEE3E-9BD5-4DBA-B230-6F29F2D29FDE}"
EndProject
Global
	GlobalSection(SolutionConfigurationPlatforms) = preSolution
		Debug|Any CPU = Debug|Any CPU
		Release|Any CPU = Release|Any CPU
	EndGlobalSection
	GlobalSection(ProjectConfigurationPlatforms) = postSolution
		{734BC261-7C50-4526-9F20-095F84F76776}.Debug|Any CPU.ActiveCfg = Debug|Any CPU
		{734BC261-7C50-4526-9F20-095F84F76776}.Debug|Any CPU.Build.0 = Debug|Any CPU
		{734BC261-7C50-4526-9F20-095F84F76776}.Release|Any CPU.ActiveCfg = Release|Any CPU
		{734BC261-7C50-4526-9F20-095F84F76776}.Release|Any CPU.Build.0 = Release|Any CPU
	EndGlobalSection
	GlobalSection(SolutionProperties) = preSolution
		HideSolutionNode = FALSE
	EndGlobalSection
EndGlobal
